
Microsoft Visual Studio Solution File, Format Version 12.00
# Visual Studio Version 16
VisualStudioVersion = 16.0.32929.386
MinimumVisualStudioVersion = 10.0.40219.1
Project("{FAE04EC0-301F-11D3-BF4B-00C04F79EFBC}") = "LongDucProjectTest", "LongDucProjectTest\LongDucProjectTest.csproj", "{E5197BCC-8F61-41FA-B58B-DAAF0BA101E4}"
EndProject
Project("{FAE04EC0-301F-11D3-BF4B-00C04F79EFBC}") = "DatabaseConnector", "Hino.Solar.DatabaseConnector\DatabaseConnector.csproj", "{8FBB54A3-9A35-4124-BED4-E5762C1B1F81}"
EndProject
Project("{FAE04EC0-301F-11D3-BF4B-00C04F79EFBC}") = "Hino.Getdata.Common", "Hino.Getdata.Common\Hino.Getdata.Common.csproj", "{555F62BD-7197-4A30-A006-8F1B7027C03D}"
EndProject
Project("{FAE04EC0-301F-11D3-BF4B-00C04F79EFBC}") = "Hino.Getdata.Project", "Hino.Getdata.Project\Hino.Getdata.Project.csproj", "{D9F765F4-BF35-4AD0-B3BB-B038837090EF}"
EndProject
Project("{FAE04EC0-301F-11D3-BF4B-00C04F79EFBC}") = "Hino.Parameter.Common", "Hino.Parameter.Common\Hino.Parameter.Common.csproj", "{E4236622-5F93-4694-BAC8-9C0A450563A8}"
EndProject
Project("{FAE04EC0-301F-11D3-BF4B-00C04F79EFBC}") = "Connect", "Connect\Connect.csproj", "{AE38A1A9-CF22-48C4-9BFE-A0D34D79A1B6}"
EndProject
Global
	GlobalSection(SolutionConfigurationPlatforms) = preSolution
		Debug|Any CPU = Debug|Any CPU
		Release|Any CPU = Release|Any CPU
	EndGlobalSection
	GlobalSection(ProjectConfigurationPlatforms) = postSolution
		{E5197BCC-8F61-41FA-B58B-DAAF0BA101E4}.Debug|Any CPU.ActiveCfg = Debug|Any CPU
		{E5197BCC-8F61-41FA-B58B-DAAF0BA101E4}.Debug|Any CPU.Build.0 = Debug|Any CPU
		{E5197BCC-8F61-41FA-B58B-DAAF0BA101E4}.Release|Any CPU.ActiveCfg = Release|Any CPU
		{E5197BCC-8F61-41FA-B58B-DAAF0BA101E4}.Release|Any CPU.Build.0 = Release|Any CPU
		{8FBB54A3-9A35-4124-BED4-E5762C1B1F81}.Debug|Any CPU.ActiveCfg = Debug|Any CPU
		{8FBB54A3-9A35-4124-BED4-E5762C1B1F81}.Debug|Any CPU.Build.0 = Debug|Any CPU
		{8FBB54A3-9A35-4124-BED4-E5762C1B1F81}.Release|Any CPU.ActiveCfg = Release|Any CPU
		{8FBB54A3-9A35-4124-BED4-E5762C1B1F81}.Release|Any CPU.Build.0 = Release|Any CPU
		{555F62BD-7197-4A30-A006-8F1B7027C03D}.Debug|Any CPU.ActiveCfg = Debug|Any CPU
		{555F62BD-7197-4A30-A006-8F1B7027C03D}.Debug|Any CPU.Build.0 = Debug|Any CPU
		{555F62BD-7197-4A30-A006-8F1B7027C03D}.Release|Any CPU.ActiveCfg = Release|Any CPU
		{555F62BD-7197-4A30-A006-8F1B7027C03D}.Release|Any CPU.Build.0 = Release|Any CPU
		{D9F765F4-BF35-4AD0-B3BB-B038837090EF}.Debug|Any CPU.ActiveCfg = Debug|Any CPU
		{D9F765F4-BF35-4AD0-B3BB-B038837090EF}.Debug|Any CPU.Build.0 = Debug|Any CPU
		{D9F765F4-BF35-4AD0-B3BB-B038837090EF}.Release|Any CPU.ActiveCfg = Release|Any CPU
		{D9F765F4-BF35-4AD0-B3BB-B038837090EF}.Release|Any CPU.Build.0 = Release|Any CPU
		{E4236622-5F93-4694-BAC8-9C0A450563A8}.Debug|Any CPU.ActiveCfg = Debug|Any CPU
		{E4236622-5F93-4694-BAC8-9C0A450563A8}.Debug|Any CPU.Build.0 = Debug|Any CPU
		{E4236622-5F93-4694-BAC8-9C0A450563A8}.Release|Any CPU.ActiveCfg = Release|Any CPU
		{E4236622-5F93-4694-BAC8-9C0A450563A8}.Release|Any CPU.Build.0 = Release|Any CPU
		{AE38A1A9-CF22-48C4-9BFE-A0D34D79A1B6}.Debug|Any CPU.ActiveCfg = Debug|Any CPU
		{AE38A1A9-CF22-48C4-9BFE-A0D34D79A1B6}.Debug|Any CPU.Build.0 = Debug|Any CPU
		{AE38A1A9-CF22-48C4-9BFE-A0D34D79A1B6}.Release|Any CPU.ActiveCfg = Release|Any CPU
		{AE38A1A9-CF22-48C4-9BFE-A0D34D79A1B6}.Release|Any CPU.Build.0 = Release|Any CPU
	EndGlobalSection
	GlobalSection(SolutionProperties) = preSolution
		HideSolutionNode = FALSE
	EndGlobalSection
	GlobalSection(ExtensibilityGlobals) = postSolution
		SolutionGuid = {0CCAD969-F1A9-456F-BD97-95756BA803CF}
	EndGlobalSection
EndGlobal
